
Microsoft Visual Studio Solution File, Format Version 12.00
# Visual Studio 14
VisualStudioVersion = 14.0.23107.0
MinimumVisualStudioVersion = 10.0.40219.1
Project("{FAE04EC0-301F-11D3-BF4B-00C04F79EFBC}") = "MyUsefulTools", "MyUsefulTools\MyUsefulTools.csproj", "{0C7B549C-A644-4964-B530-EE746C21E7F2}"
EndProject
Project("{FAE04EC0-301F-11D3-BF4B-00C04F79EFBC}") = "DataAccessTools", "DataAccessTools\DataAccessTools.csproj", "{A3DF7CAD-24A3-444C-A2D4-0C3EB869F048}"
EndProject
Project("{FAE04EC0-301F-11D3-BF4B-00C04F79EFBC}") = "TryAndTestConsole", "TryAndTestConsole\TryAndTestConsole.csproj", "{09B1B6C1-BC6F-42DF-83FE-D97FEC786EE0}"
	ProjectSection(ProjectDependencies) = postProject
		{A3DF7CAD-24A3-444C-A2D4-0C3EB869F048} = {A3DF7CAD-24A3-444C-A2D4-0C3EB869F048}
	EndProjectSection
EndProject
Project("{FAE04EC0-301F-11D3-BF4B-00C04F79EFBC}") = "StoneUtils", "StoneUtils\StoneUtils.csproj", "{76252E30-5666-496A-B2F0-1F3535C2A058}"
EndProject
Project("{FAE04EC0-301F-11D3-BF4B-00C04F79EFBC}") = "Interface", "Interface\Interface.csproj", "{072425AF-E384-4F54-A50F-8F4064DB5C32}"
EndProject
Project("{FAE04EC0-301F-11D3-BF4B-00C04F79EFBC}") = "EFDataAccess", "EFDataAccess\EFDataAccess.csproj", "{834A9726-AD26-42FD-ACD2-E69BB15699E1}"
EndProject
Project("{FAE04EC0-301F-11D3-BF4B-00C04F79EFBC}") = "StoneBowReader", "StoneBowReader\StoneBowReader.csproj", "{1C587728-E538-4C43-8EE8-3B76D219F5AD}"
	ProjectSection(ProjectDependencies) = postProject
		{834A9726-AD26-42FD-ACD2-E69BB15699E1} = {834A9726-AD26-42FD-ACD2-E69BB15699E1}
		{76252E30-5666-496A-B2F0-1F3535C2A058} = {76252E30-5666-496A-B2F0-1F3535C2A058}
	EndProjectSection
EndProject
Global
	GlobalSection(SolutionConfigurationPlatforms) = preSolution
		Debug|Any CPU = Debug|Any CPU
		Release|Any CPU = Release|Any CPU
	EndGlobalSection
	GlobalSection(ProjectConfigurationPlatforms) = postSolution
		{0C7B549C-A644-4964-B530-EE746C21E7F2}.Debug|Any CPU.ActiveCfg = Debug|Any CPU
		{0C7B549C-A644-4964-B530-EE746C21E7F2}.Debug|Any CPU.Build.0 = Debug|Any CPU
		{0C7B549C-A644-4964-B530-EE746C21E7F2}.Release|Any CPU.ActiveCfg = Release|Any CPU
		{0C7B549C-A644-4964-B530-EE746C21E7F2}.Release|Any CPU.Build.0 = Release|Any CPU
		{A3DF7CAD-24A3-444C-A2D4-0C3EB869F048}.Debug|Any CPU.ActiveCfg = Debug|Any CPU
		{A3DF7CAD-24A3-444C-A2D4-0C3EB869F048}.Debug|Any CPU.Build.0 = Debug|Any CPU
		{A3DF7CAD-24A3-444C-A2D4-0C3EB869F048}.Release|Any CPU.ActiveCfg = Release|Any CPU
		{A3DF7CAD-24A3-444C-A2D4-0C3EB869F048}.Release|Any CPU.Build.0 = Release|Any CPU
		{09B1B6C1-BC6F-42DF-83FE-D97FEC786EE0}.Debug|Any CPU.ActiveCfg = Debug|Any CPU
		{09B1B6C1-BC6F-42DF-83FE-D97FEC786EE0}.Debug|Any CPU.Build.0 = Debug|Any CPU
		{09B1B6C1-BC6F-42DF-83FE-D97FEC786EE0}.Release|Any CPU.ActiveCfg = Release|Any CPU
		{09B1B6C1-BC6F-42DF-83FE-D97FEC786EE0}.Release|Any CPU.Build.0 = Release|Any CPU
		{76252E30-5666-496A-B2F0-1F3535C2A058}.Debug|Any CPU.ActiveCfg = Debug|Any CPU
		{76252E30-5666-496A-B2F0-1F3535C2A058}.Debug|Any CPU.Build.0 = Debug|Any CPU
		{76252E30-5666-496A-B2F0-1F3535C2A058}.Release|Any CPU.ActiveCfg = Release|Any CPU
		{76252E30-5666-496A-B2F0-1F3535C2A058}.Release|Any CPU.Build.0 = Release|Any CPU
		{072425AF-E384-4F54-A50F-8F4064DB5C32}.Debug|Any CPU.ActiveCfg = Debug|Any CPU
		{072425AF-E384-4F54-A50F-8F4064DB5C32}.Debug|Any CPU.Build.0 = Debug|Any CPU
		{072425AF-E384-4F54-A50F-8F4064DB5C32}.Release|Any CPU.ActiveCfg = Release|Any CPU
		{072425AF-E384-4F54-A50F-8F4064DB5C32}.Release|Any CPU.Build.0 = Release|Any CPU
		{834A9726-AD26-42FD-ACD2-E69BB15699E1}.Debug|Any CPU.ActiveCfg = Debug|Any CPU
		{834A9726-AD26-42FD-ACD2-E69BB15699E1}.Debug|Any CPU.Build.0 = Debug|Any CPU
		{834A9726-AD26-42FD-ACD2-E69BB15699E1}.Release|Any CPU.ActiveCfg = Release|Any CPU
		{834A9726-AD26-42FD-ACD2-E69BB15699E1}.Release|Any CPU.Build.0 = Release|Any CPU
		{1C587728-E538-4C43-8EE8-3B76D219F5AD}.Debug|Any CPU.ActiveCfg = Debug|Any CPU
		{1C587728-E538-4C43-8EE8-3B76D219F5AD}.Debug|Any CPU.Build.0 = Debug|Any CPU
		{1C587728-E538-4C43-8EE8-3B76D219F5AD}.Release|Any CPU.ActiveCfg = Release|Any CPU
		{1C587728-E538-4C43-8EE8-3B76D219F5AD}.Release|Any CPU.Build.0 = Release|Any CPU
	EndGlobalSection
	GlobalSection(SolutionProperties) = preSolution
		HideSolutionNode = FALSE
	EndGlobalSection
EndGlobal
