
Microsoft Visual Studio Solution File, Format Version 10.00
# Visual Studio 2008
Project("{54435603-DBB4-11D2-8724-00A0C9A8B90C}") = "SetupTest1", "SetupTest1\SetupTest1.vdproj", "{758789F7-8709-4B83-B82A-B92FAA65362D}"
EndProject
Global
	GlobalSection(SolutionConfigurationPlatforms) = preSolution
		Debug|Default = Debug|Default
		Release|Default = Release|Default
	EndGlobalSection
	GlobalSection(ProjectConfigurationPlatforms) = postSolution
		{758789F7-8709-4B83-B82A-B92FAA65362D}.Debug|Default.ActiveCfg = Debug
		{758789F7-8709-4B83-B82A-B92FAA65362D}.Debug|Default.Build.0 = Debug
		{758789F7-8709-4B83-B82A-B92FAA65362D}.Release|Default.ActiveCfg = Release
		{758789F7-8709-4B83-B82A-B92FAA65362D}.Release|Default.Build.0 = Release
	EndGlobalSection
	GlobalSection(SolutionProperties) = preSolution
		HideSolutionNode = FALSE
	EndGlobalSection
EndGlobal
